
Microsoft Visual Studio Solution File, Format Version 12.00
# Visual Studio Version 17
VisualStudioVersion = 17.8.34330.188
MinimumVisualStudioVersion = 10.0.40219.1
Project("{9A19103F-16F7-4668-BE54-9A1E7A4F7556}") = "TicketApi", "TicketApi\TicketApi.csproj", "{3319EE9A-C642-4EC1-BE5C-1EB5175781F5}"
EndProject
Project("{9A19103F-16F7-4668-BE54-9A1E7A4F7556}") = "Infrastructure", "Infrastructure\Infrastructure.csproj", "{845FC1F6-F052-4C56-BBEE-44983AAE6D4D}"
EndProject
Project("{9A19103F-16F7-4668-BE54-9A1E7A4F7556}") = "Domain", "Domain\Domain.csproj", "{79FECA1E-F2B9-4719-9797-899B25FEBDC5}"
EndProject
Project("{9A19103F-16F7-4668-BE54-9A1E7A4F7556}") = "Application", "Application\Application.csproj", "{73F9D0AE-1D34-425B-8B37-CFED8BBF5ACB}"
EndProject
Project("{FAE04EC0-301F-11D3-BF4B-00C04F79EFBC}") = "Tests", "Tests\Tests.csproj", "{C5A0DFE0-0108-4143-BCD4-B6F45ABDF5B4}"
EndProject
Global
	GlobalSection(SolutionConfigurationPlatforms) = preSolution
		Debug|Any CPU = Debug|Any CPU
		Release|Any CPU = Release|Any CPU
	EndGlobalSection
	GlobalSection(ProjectConfigurationPlatforms) = postSolution
		{3319EE9A-C642-4EC1-BE5C-1EB5175781F5}.Debug|Any CPU.ActiveCfg = Debug|Any CPU
		{3319EE9A-C642-4EC1-BE5C-1EB5175781F5}.Debug|Any CPU.Build.0 = Debug|Any CPU
		{3319EE9A-C642-4EC1-BE5C-1EB5175781F5}.Release|Any CPU.ActiveCfg = Release|Any CPU
		{3319EE9A-C642-4EC1-BE5C-1EB5175781F5}.Release|Any CPU.Build.0 = Release|Any CPU
		{845FC1F6-F052-4C56-BBEE-44983AAE6D4D}.Debug|Any CPU.ActiveCfg = Debug|Any CPU
		{845FC1F6-F052-4C56-BBEE-44983AAE6D4D}.Debug|Any CPU.Build.0 = Debug|Any CPU
		{845FC1F6-F052-4C56-BBEE-44983AAE6D4D}.Release|Any CPU.ActiveCfg = Release|Any CPU
		{845FC1F6-F052-4C56-BBEE-44983AAE6D4D}.Release|Any CPU.Build.0 = Release|Any CPU
		{79FECA1E-F2B9-4719-9797-899B25FEBDC5}.Debug|Any CPU.ActiveCfg = Debug|Any CPU
		{79FECA1E-F2B9-4719-9797-899B25FEBDC5}.Debug|Any CPU.Build.0 = Debug|Any CPU
		{79FECA1E-F2B9-4719-9797-899B25FEBDC5}.Release|Any CPU.ActiveCfg = Release|Any CPU
		{79FECA1E-F2B9-4719-9797-899B25FEBDC5}.Release|Any CPU.Build.0 = Release|Any CPU
		{73F9D0AE-1D34-425B-8B37-CFED8BBF5ACB}.Debug|Any CPU.ActiveCfg = Debug|Any CPU
		{73F9D0AE-1D34-425B-8B37-CFED8BBF5ACB}.Debug|Any CPU.Build.0 = Debug|Any CPU
		{73F9D0AE-1D34-425B-8B37-CFED8BBF5ACB}.Release|Any CPU.ActiveCfg = Release|Any CPU
		{73F9D0AE-1D34-425B-8B37-CFED8BBF5ACB}.Release|Any CPU.Build.0 = Release|Any CPU
		{C5A0DFE0-0108-4143-BCD4-B6F45ABDF5B4}.Debug|Any CPU.ActiveCfg = Debug|Any CPU
		{C5A0DFE0-0108-4143-BCD4-B6F45ABDF5B4}.Debug|Any CPU.Build.0 = Debug|Any CPU
		{C5A0DFE0-0108-4143-BCD4-B6F45ABDF5B4}.Release|Any CPU.ActiveCfg = Release|Any CPU
		{C5A0DFE0-0108-4143-BCD4-B6F45ABDF5B4}.Release|Any CPU.Build.0 = Release|Any CPU
	EndGlobalSection
	GlobalSection(SolutionProperties) = preSolution
		HideSolutionNode = FALSE
	EndGlobalSection
	GlobalSection(ExtensibilityGlobals) = postSolution
		SolutionGuid = {8A4E155B-7C3A-469B-92DD-76051E5C51F5}
	EndGlobalSection
EndGlobal
